
Microsoft Visual Studio Solution File, Format Version 12.00
# Visual Studio 14
VisualStudioVersion = 14.0.25420.1
MinimumVisualStudioVersion = 10.0.40219.1
Project("{FAE04EC0-301F-11D3-BF4B-00C04F79EFBC}") = "ShortestPath", "ShortestPath\ShortestPath.csproj", "{184F2561-EE2C-4A79-B74B-6E809A700C8D}"
EndProject
Global
	GlobalSection(SolutionConfigurationPlatforms) = preSolution
		Debug|Any CPU = Debug|Any CPU
		Release|Any CPU = Release|Any CPU
	EndGlobalSection
	GlobalSection(ProjectConfigurationPlatforms) = postSolution
		{184F2561-EE2C-4A79-B74B-6E809A700C8D}.Debug|Any CPU.ActiveCfg = Debug|Any CPU
		{184F2561-EE2C-4A79-B74B-6E809A700C8D}.Debug|Any CPU.Build.0 = Debug|Any CPU
		{184F2561-EE2C-4A79-B74B-6E809A700C8D}.Release|Any CPU.ActiveCfg = Release|Any CPU
		{184F2561-EE2C-4A79-B74B-6E809A700C8D}.Release|Any CPU.Build.0 = Release|Any CPU
	EndGlobalSection
	GlobalSection(SolutionProperties) = preSolution
		HideSolutionNode = FALSE
	EndGlobalSection
EndGlobal
